// !$*UTF8*$!
{
	archiveVersion = 1;
	classes = {
	};
	objectVersion = 45;
	objects = {

/* Begin PBXBuildFile section */
		1D3623260D0F684500981E51 /* ShopperAppDelegate.m in Sources */ = {isa = PBXBuildFile; fileRef = 1D3623250D0F684500981E51 /* ShopperAppDelegate.m */; };
		1D60589B0D05DD56006BFB54 /* main.m in Sources */ = {isa = PBXBuildFile; fileRef = 29B97316FDCFA39411CA2CEA /* main.m */; };
		1D60589F0D05DD5A006BFB54 /* Foundation.framework in Frameworks */ = {isa = PBXBuildFile; fileRef = 1D30AB110D05D00D00671497 /* Foundation.framework */; };
		1DF5F4E00D08C38300B7A737 /* UIKit.framework in Frameworks */ = {isa = PBXBuildFile; fileRef = 1DF5F4DF0D08C38300B7A737 /* UIKit.framework */; };
		288765A50DF7441C002DB57D /* CoreGraphics.framework in Frameworks */ = {isa = PBXBuildFile; fileRef = 288765A40DF7441C002DB57D /* CoreGraphics.framework */; };
		2899E5220DE3E06400AC0155 /* ShopperViewController.xib in Resources */ = {isa = PBXBuildFile; fileRef = 2899E5210DE3E06400AC0155 /* ShopperViewController.xib */; };
		28AD733F0D9D9553002E5188 /* MainWindow.xib in Resources */ = {isa = PBXBuildFile; fileRef = 28AD733E0D9D9553002E5188 /* MainWindow.xib */; };
		B0105E3212FDACE90065BB09 /* ListViewController.m in Sources */ = {isa = PBXBuildFile; fileRef = B0105E3112FDACE90065BB09 /* ListViewController.m */; };
		B0105E4A12FDB0470065BB09 /* AddItemViewController.m in Sources */ = {isa = PBXBuildFile; fileRef = B0105E4912FDB0470065BB09 /* AddItemViewController.m */; };
		B0105E5F12FDB5C10065BB09 /* AddListViewController.m in Sources */ = {isa = PBXBuildFile; fileRef = B0105E5E12FDB5C10065BB09 /* AddListViewController.m */; };
		B0105E9E12FDBCA20065BB09 /* AddListView.xib in Resources */ = {isa = PBXBuildFile; fileRef = B0105E9D12FDBCA20065BB09 /* AddListView.xib */; };
		B0105F2812FDFBD30065BB09 /* UUID.m in Sources */ = {isa = PBXBuildFile; fileRef = B0105F2712FDFBD30065BB09 /* UUID.m */; };
		B010605312FE434E0065BB09 /* Foursquare.m in Sources */ = {isa = PBXBuildFile; fileRef = B010605212FE434E0065BB09 /* Foursquare.m */; };
		B010605612FE45A00065BB09 /* Place.m in Sources */ = {isa = PBXBuildFile; fileRef = B010605512FE45A00065BB09 /* Place.m */; };
		B01A40B1130198EB00A096B1 /* ASIAuthenticationDialog.m in Sources */ = {isa = PBXBuildFile; fileRef = B01A409E130198EB00A096B1 /* ASIAuthenticationDialog.m */; };
		B01A40B2130198EB00A096B1 /* ASIDataCompressor.m in Sources */ = {isa = PBXBuildFile; fileRef = B01A40A1130198EB00A096B1 /* ASIDataCompressor.m */; };
		B01A40B3130198EB00A096B1 /* ASIDataDecompressor.m in Sources */ = {isa = PBXBuildFile; fileRef = B01A40A3130198EB00A096B1 /* ASIDataDecompressor.m */; };
		B01A40B4130198EB00A096B1 /* ASIDownloadCache.m in Sources */ = {isa = PBXBuildFile; fileRef = B01A40A5130198EB00A096B1 /* ASIDownloadCache.m */; };
		B01A40B5130198EB00A096B1 /* ASIFormDataRequest.m in Sources */ = {isa = PBXBuildFile; fileRef = B01A40A7130198EB00A096B1 /* ASIFormDataRequest.m */; };
		B01A40B6130198EB00A096B1 /* ASIHTTPRequest.m in Sources */ = {isa = PBXBuildFile; fileRef = B01A40A9130198EB00A096B1 /* ASIHTTPRequest.m */; };
		B01A40B7130198EB00A096B1 /* ASIInputStream.m in Sources */ = {isa = PBXBuildFile; fileRef = B01A40AD130198EB00A096B1 /* ASIInputStream.m */; };
		B01A40B8130198EB00A096B1 /* ASINetworkQueue.m in Sources */ = {isa = PBXBuildFile; fileRef = B01A40AF130198EB00A096B1 /* ASINetworkQueue.m */; };
		B01A40C31301993900A096B1 /* Reachability.m in Sources */ = {isa = PBXBuildFile; fileRef = B01A40C21301993900A096B1 /* Reachability.m */; };
		B01A40C91301997000A096B1 /* CFNetwork.framework in Frameworks */ = {isa = PBXBuildFile; fileRef = B01A40C81301997000A096B1 /* CFNetwork.framework */; };
		B01A4106130199C500A096B1 /* libz.1.2.3.dylib in Frameworks */ = {isa = PBXBuildFile; fileRef = B01A4105130199C500A096B1 /* libz.1.2.3.dylib */; };
		B01A412813019A6800A096B1 /* SystemConfiguration.framework in Frameworks */ = {isa = PBXBuildFile; fileRef = B01A412713019A6800A096B1 /* SystemConfiguration.framework */; };
		B01A412C13019ABA00A096B1 /* MobileCoreServices.framework in Frameworks */ = {isa = PBXBuildFile; fileRef = B01A412B13019ABA00A096B1 /* MobileCoreServices.framework */; };
		B01A41611301A00800A096B1 /* NSObject+SBJSON.m in Sources */ = {isa = PBXBuildFile; fileRef = B01A41561301A00800A096B1 /* NSObject+SBJSON.m */; };
		B01A41621301A00800A096B1 /* NSString+SBJSON.m in Sources */ = {isa = PBXBuildFile; fileRef = B01A41581301A00800A096B1 /* NSString+SBJSON.m */; };
		B01A41631301A00800A096B1 /* SBJSON.m in Sources */ = {isa = PBXBuildFile; fileRef = B01A415A1301A00800A096B1 /* SBJSON.m */; };
		B01A41641301A00800A096B1 /* SBJsonBase.m in Sources */ = {isa = PBXBuildFile; fileRef = B01A415C1301A00800A096B1 /* SBJsonBase.m */; };
		B01A41651301A00800A096B1 /* SBJsonParser.m in Sources */ = {isa = PBXBuildFile; fileRef = B01A415E1301A00800A096B1 /* SBJsonParser.m */; };
		B01A41661301A00800A096B1 /* SBJsonWriter.m in Sources */ = {isa = PBXBuildFile; fileRef = B01A41601301A00800A096B1 /* SBJsonWriter.m */; };
		B01A41711301A0AD00A096B1 /* CoreLocation.framework in Frameworks */ = {isa = PBXBuildFile; fileRef = B01A41701301A0AD00A096B1 /* CoreLocation.framework */; };
		B01A41E71301BAB400A096B1 /* PlaceViewController.m in Sources */ = {isa = PBXBuildFile; fileRef = B01A41E61301BAB400A096B1 /* PlaceViewController.m */; };
		B01A421A1301C1BB00A096B1 /* MapViewController.m in Sources */ = {isa = PBXBuildFile; fileRef = B01A42191301C1BB00A096B1 /* MapViewController.m */; };
		B01A421E1301C2D900A096B1 /* MapKit.framework in Frameworks */ = {isa = PBXBuildFile; fileRef = B01A421D1301C2D900A096B1 /* MapKit.framework */; };
		B079F38512FD7FA800EFF272 /* ListsViewController.m in Sources */ = {isa = PBXBuildFile; fileRef = B079F38412FD7FA800EFF272 /* ListsViewController.m */; };
		B079F38812FD7FC000EFF272 /* CouponViewController.m in Sources */ = {isa = PBXBuildFile; fileRef = B079F38712FD7FC000EFF272 /* CouponViewController.m */; };
		B079F38B12FD7FD300EFF272 /* PlacesViewController.m in Sources */ = {isa = PBXBuildFile; fileRef = B079F38A12FD7FD300EFF272 /* PlacesViewController.m */; };
		B079F3B612FD831200EFF272 /* ShopperTableViewController.m in Sources */ = {isa = PBXBuildFile; fileRef = B079F3B512FD831200EFF272 /* ShopperTableViewController.m */; };
		B079F3D112FD84C900EFF272 /* List.m in Sources */ = {isa = PBXBuildFile; fileRef = B079F3D012FD84C900EFF272 /* List.m */; };
		B079F3D312FD84ED00EFF272 /* CoreData.framework in Frameworks */ = {isa = PBXBuildFile; fileRef = B079F3D212FD84ED00EFF272 /* CoreData.framework */; };
		B079F3D812FD861100EFF272 /* ManagedObject.m in Sources */ = {isa = PBXBuildFile; fileRef = B079F3D712FD861100EFF272 /* ManagedObject.m */; };
		B079F3F912FD86F000EFF272 /* Item.m in Sources */ = {isa = PBXBuildFile; fileRef = B079F3F812FD86F000EFF272 /* Item.m */; };
		B079F40212FD882A00EFF272 /* Coupon.m in Sources */ = {isa = PBXBuildFile; fileRef = B079F40112FD882A00EFF272 /* Coupon.m */; };
		B079F40712FD8A0D00EFF272 /* shopper.xcdatamodel in Sources */ = {isa = PBXBuildFile; fileRef = B079F40612FD8A0D00EFF272 /* shopper.xcdatamodel */; };
		B0D696CC1302340200EF21D1 /* ItemViewController.m in Sources */ = {isa = PBXBuildFile; fileRef = B0D696CB1302340200EF21D1 /* ItemViewController.m */; };
/* End PBXBuildFile section */

/* Begin PBXFileReference section */
		1D30AB110D05D00D00671497 /* Foundation.framework */ = {isa = PBXFileReference; lastKnownFileType = wrapper.framework; name = Foundation.framework; path = System/Library/Frameworks/Foundation.framework; sourceTree = SDKROOT; };
		1D3623240D0F684500981E51 /* ShopperAppDelegate.h */ = {isa = PBXFileReference; fileEncoding = 4; lastKnownFileType = sourcecode.c.h; path = ShopperAppDelegate.h; sourceTree = "<group>"; };
		1D3623250D0F684500981E51 /* ShopperAppDelegate.m */ = {isa = PBXFileReference; fileEncoding = 4; lastKnownFileType = sourcecode.c.objc; path = ShopperAppDelegate.m; sourceTree = "<group>"; };
		1D6058910D05DD3D006BFB54 /* Shopper.app */ = {isa = PBXFileReference; explicitFileType = wrapper.application; includeInIndex = 0; path = Shopper.app; sourceTree = BUILT_PRODUCTS_DIR; };
		1DF5F4DF0D08C38300B7A737 /* UIKit.framework */ = {isa = PBXFileReference; lastKnownFileType = wrapper.framework; name = UIKit.framework; path = System/Library/Frameworks/UIKit.framework; sourceTree = SDKROOT; };
		288765A40DF7441C002DB57D /* CoreGraphics.framework */ = {isa = PBXFileReference; lastKnownFileType = wrapper.framework; name = CoreGraphics.framework; path = System/Library/Frameworks/CoreGraphics.framework; sourceTree = SDKROOT; };
		2899E5210DE3E06400AC0155 /* ShopperViewController.xib */ = {isa = PBXFileReference; lastKnownFileType = file.xib; path = ShopperViewController.xib; sourceTree = "<group>"; };
		28AD733E0D9D9553002E5188 /* MainWindow.xib */ = {isa = PBXFileReference; lastKnownFileType = file.xib; path = MainWindow.xib; sourceTree = "<group>"; };
		29B97316FDCFA39411CA2CEA /* main.m */ = {isa = PBXFileReference; fileEncoding = 4; lastKnownFileType = sourcecode.c.objc; path = main.m; sourceTree = "<group>"; };
		32CA4F630368D1EE00C91783 /* Shopper_Prefix.pch */ = {isa = PBXFileReference; fileEncoding = 4; lastKnownFileType = sourcecode.c.h; path = Shopper_Prefix.pch; sourceTree = "<group>"; };
		8D1107310486CEB800E47090 /* Shopper-Info.plist */ = {isa = PBXFileReference; fileEncoding = 4; lastKnownFileType = text.plist.xml; path = "Shopper-Info.plist"; plistStructureDefinitionIdentifier = "com.apple.xcode.plist.structure-definition.iphone.info-plist"; sourceTree = "<group>"; };
		B0105E3012FDACE90065BB09 /* ListViewController.h */ = {isa = PBXFileReference; fileEncoding = 4; lastKnownFileType = sourcecode.c.h; path = ListViewController.h; sourceTree = "<group>"; };
		B0105E3112FDACE90065BB09 /* ListViewController.m */ = {isa = PBXFileReference; fileEncoding = 4; lastKnownFileType = sourcecode.c.objc; path = ListViewController.m; sourceTree = "<group>"; };
		B0105E4812FDB0470065BB09 /* AddItemViewController.h */ = {isa = PBXFileReference; fileEncoding = 4; lastKnownFileType = sourcecode.c.h; path = AddItemViewController.h; sourceTree = "<group>"; };
		B0105E4912FDB0470065BB09 /* AddItemViewController.m */ = {isa = PBXFileReference; fileEncoding = 4; lastKnownFileType = sourcecode.c.objc; path = AddItemViewController.m; sourceTree = "<group>"; };
		B0105E5D12FDB5C10065BB09 /* AddListViewController.h */ = {isa = PBXFileReference; fileEncoding = 4; lastKnownFileType = sourcecode.c.h; path = AddListViewController.h; sourceTree = "<group>"; };
		B0105E5E12FDB5C10065BB09 /* AddListViewController.m */ = {isa = PBXFileReference; fileEncoding = 4; lastKnownFileType = sourcecode.c.objc; path = AddListViewController.m; sourceTree = "<group>"; };
		B0105E9D12FDBCA20065BB09 /* AddListView.xib */ = {isa = PBXFileReference; lastKnownFileType = file.xib; path = AddListView.xib; sourceTree = "<group>"; };
		B0105F2612FDFBD30065BB09 /* UUID.h */ = {isa = PBXFileReference; fileEncoding = 4; lastKnownFileType = sourcecode.c.h; path = UUID.h; sourceTree = "<group>"; };
		B0105F2712FDFBD30065BB09 /* UUID.m */ = {isa = PBXFileReference; fileEncoding = 4; lastKnownFileType = sourcecode.c.objc; path = UUID.m; sourceTree = "<group>"; };
		B010605112FE434E0065BB09 /* Foursquare.h */ = {isa = PBXFileReference; fileEncoding = 4; lastKnownFileType = sourcecode.c.h; path = Foursquare.h; sourceTree = "<group>"; };
		B010605212FE434E0065BB09 /* Foursquare.m */ = {isa = PBXFileReference; fileEncoding = 4; lastKnownFileType = sourcecode.c.objc; path = Foursquare.m; sourceTree = "<group>"; };
		B010605412FE45A00065BB09 /* Place.h */ = {isa = PBXFileReference; fileEncoding = 4; lastKnownFileType = sourcecode.c.h; name = Place.h; path = ../Foursquare/Place.h; sourceTree = "<group>"; };
		B010605512FE45A00065BB09 /* Place.m */ = {isa = PBXFileReference; fileEncoding = 4; lastKnownFileType = sourcecode.c.objc; name = Place.m; path = ../Foursquare/Place.m; sourceTree = "<group>"; };
		B01A409D130198EB00A096B1 /* ASIAuthenticationDialog.h */ = {isa = PBXFileReference; fileEncoding = 4; lastKnownFileType = sourcecode.c.h; path = ASIAuthenticationDialog.h; sourceTree = "<group>"; };
		B01A409E130198EB00A096B1 /* ASIAuthenticationDialog.m */ = {isa = PBXFileReference; fileEncoding = 4; lastKnownFileType = sourcecode.c.objc; path = ASIAuthenticationDialog.m; sourceTree = "<group>"; };
		B01A409F130198EB00A096B1 /* ASICacheDelegate.h */ = {isa = PBXFileReference; fileEncoding = 4; lastKnownFileType = sourcecode.c.h; path = ASICacheDelegate.h; sourceTree = "<group>"; };
		B01A40A0130198EB00A096B1 /* ASIDataCompressor.h */ = {isa = PBXFileReference; fileEncoding = 4; lastKnownFileType = sourcecode.c.h; path = ASIDataCompressor.h; sourceTree = "<group>"; };
		B01A40A1130198EB00A096B1 /* ASIDataCompressor.m */ = {isa = PBXFileReference; fileEncoding = 4; lastKnownFileType = sourcecode.c.objc; path = ASIDataCompressor.m; sourceTree = "<group>"; };
		B01A40A2130198EB00A096B1 /* ASIDataDecompressor.h */ = {isa = PBXFileReference; fileEncoding = 4; lastKnownFileType = sourcecode.c.h; path = ASIDataDecompressor.h; sourceTree = "<group>"; };
		B01A40A3130198EB00A096B1 /* ASIDataDecompressor.m */ = {isa = PBXFileReference; fileEncoding = 4; lastKnownFileType = sourcecode.c.objc; path = ASIDataDecompressor.m; sourceTree = "<group>"; };
		B01A40A4130198EB00A096B1 /* ASIDownloadCache.h */ = {isa = PBXFileReference; fileEncoding = 4; lastKnownFileType = sourcecode.c.h; path = ASIDownloadCache.h; sourceTree = "<group>"; };
		B01A40A5130198EB00A096B1 /* ASIDownloadCache.m */ = {isa = PBXFileReference; fileEncoding = 4; lastKnownFileType = sourcecode.c.objc; path = ASIDownloadCache.m; sourceTree = "<group>"; };
		B01A40A6130198EB00A096B1 /* ASIFormDataRequest.h */ = {isa = PBXFileReference; fileEncoding = 4; lastKnownFileType = sourcecode.c.h; path = ASIFormDataRequest.h; sourceTree = "<group>"; };
		B01A40A7130198EB00A096B1 /* ASIFormDataRequest.m */ = {isa = PBXFileReference; fileEncoding = 4; lastKnownFileType = sourcecode.c.objc; path = ASIFormDataRequest.m; sourceTree = "<group>"; };
		B01A40A8130198EB00A096B1 /* ASIHTTPRequest.h */ = {isa = PBXFileReference; fileEncoding = 4; lastKnownFileType = sourcecode.c.h; path = ASIHTTPRequest.h; sourceTree = "<group>"; };
		B01A40A9130198EB00A096B1 /* ASIHTTPRequest.m */ = {isa = PBXFileReference; fileEncoding = 4; lastKnownFileType = sourcecode.c.objc; path = ASIHTTPRequest.m; sourceTree = "<group>"; };
		B01A40AA130198EB00A096B1 /* ASIHTTPRequestConfig.h */ = {isa = PBXFileReference; fileEncoding = 4; lastKnownFileType = sourcecode.c.h; path = ASIHTTPRequestConfig.h; sourceTree = "<group>"; };
		B01A40AB130198EB00A096B1 /* ASIHTTPRequestDelegate.h */ = {isa = PBXFileReference; fileEncoding = 4; lastKnownFileType = sourcecode.c.h; path = ASIHTTPRequestDelegate.h; sourceTree = "<group>"; };
		B01A40AC130198EB00A096B1 /* ASIInputStream.h */ = {isa = PBXFileReference; fileEncoding = 4; lastKnownFileType = sourcecode.c.h; path = ASIInputStream.h; sourceTree = "<group>"; };
		B01A40AD130198EB00A096B1 /* ASIInputStream.m */ = {isa = PBXFileReference; fileEncoding = 4; lastKnownFileType = sourcecode.c.objc; path = ASIInputStream.m; sourceTree = "<group>"; };
		B01A40AE130198EB00A096B1 /* ASINetworkQueue.h */ = {isa = PBXFileReference; fileEncoding = 4; lastKnownFileType = sourcecode.c.h; path = ASINetworkQueue.h; sourceTree = "<group>"; };
		B01A40AF130198EB00A096B1 /* ASINetworkQueue.m */ = {isa = PBXFileReference; fileEncoding = 4; lastKnownFileType = sourcecode.c.objc; path = ASINetworkQueue.m; sourceTree = "<group>"; };
		B01A40B0130198EB00A096B1 /* ASIProgressDelegate.h */ = {isa = PBXFileReference; fileEncoding = 4; lastKnownFileType = sourcecode.c.h; path = ASIProgressDelegate.h; sourceTree = "<group>"; };
		B01A40C11301993900A096B1 /* Reachability.h */ = {isa = PBXFileReference; fileEncoding = 4; lastKnownFileType = sourcecode.c.h; path = Reachability.h; sourceTree = "<group>"; };
		B01A40C21301993900A096B1 /* Reachability.m */ = {isa = PBXFileReference; fileEncoding = 4; lastKnownFileType = sourcecode.c.objc; path = Reachability.m; sourceTree = "<group>"; };
		B01A40C81301997000A096B1 /* CFNetwork.framework */ = {isa = PBXFileReference; lastKnownFileType = wrapper.framework; name = CFNetwork.framework; path = System/Library/Frameworks/CFNetwork.framework; sourceTree = SDKROOT; };
		B01A4105130199C500A096B1 /* libz.1.2.3.dylib */ = {isa = PBXFileReference; lastKnownFileType = "compiled.mach-o.dylib"; name = libz.1.2.3.dylib; path = usr/lib/libz.1.2.3.dylib; sourceTree = SDKROOT; };
		B01A412713019A6800A096B1 /* SystemConfiguration.framework */ = {isa = PBXFileReference; lastKnownFileType = wrapper.framework; name = SystemConfiguration.framework; path = System/Library/Frameworks/SystemConfiguration.framework; sourceTree = SDKROOT; };
		B01A412B13019ABA00A096B1 /* MobileCoreServices.framework */ = {isa = PBXFileReference; lastKnownFileType = wrapper.framework; name = MobileCoreServices.framework; path = System/Library/Frameworks/MobileCoreServices.framework; sourceTree = SDKROOT; };
		B01A41541301A00800A096B1 /* JSON.h */ = {isa = PBXFileReference; fileEncoding = 4; lastKnownFileType = sourcecode.c.h; path = JSON.h; sourceTree = "<group>"; };
		B01A41551301A00800A096B1 /* NSObject+SBJSON.h */ = {isa = PBXFileReference; fileEncoding = 4; lastKnownFileType = sourcecode.c.h; path = "NSObject+SBJSON.h"; sourceTree = "<group>"; };
		B01A41561301A00800A096B1 /* NSObject+SBJSON.m */ = {isa = PBXFileReference; fileEncoding = 4; lastKnownFileType = sourcecode.c.objc; path = "NSObject+SBJSON.m"; sourceTree = "<group>"; };
		B01A41571301A00800A096B1 /* NSString+SBJSON.h */ = {isa = PBXFileReference; fileEncoding = 4; lastKnownFileType = sourcecode.c.h; path = "NSString+SBJSON.h"; sourceTree = "<group>"; };
		B01A41581301A00800A096B1 /* NSString+SBJSON.m */ = {isa = PBXFileReference; fileEncoding = 4; lastKnownFileType = sourcecode.c.objc; path = "NSString+SBJSON.m"; sourceTree = "<group>"; };
		B01A41591301A00800A096B1 /* SBJSON.h */ = {isa = PBXFileReference; fileEncoding = 4; lastKnownFileType = sourcecode.c.h; path = SBJSON.h; sourceTree = "<group>"; };
		B01A415A1301A00800A096B1 /* SBJSON.m */ = {isa = PBXFileReference; fileEncoding = 4; lastKnownFileType = sourcecode.c.objc; path = SBJSON.m; sourceTree = "<group>"; };
		B01A415B1301A00800A096B1 /* SBJsonBase.h */ = {isa = PBXFileReference; fileEncoding = 4; lastKnownFileType = sourcecode.c.h; path = SBJsonBase.h; sourceTree = "<group>"; };
		B01A415C1301A00800A096B1 /* SBJsonBase.m */ = {isa = PBXFileReference; fileEncoding = 4; lastKnownFileType = sourcecode.c.objc; path = SBJsonBase.m; sourceTree = "<group>"; };
		B01A415D1301A00800A096B1 /* SBJsonParser.h */ = {isa = PBXFileReference; fileEncoding = 4; lastKnownFileType = sourcecode.c.h; path = SBJsonParser.h; sourceTree = "<group>"; };
		B01A415E1301A00800A096B1 /* SBJsonParser.m */ = {isa = PBXFileReference; fileEncoding = 4; lastKnownFileType = sourcecode.c.objc; path = SBJsonParser.m; sourceTree = "<group>"; };
		B01A415F1301A00800A096B1 /* SBJsonWriter.h */ = {isa = PBXFileReference; fileEncoding = 4; lastKnownFileType = sourcecode.c.h; path = SBJsonWriter.h; sourceTree = "<group>"; };
		B01A41601301A00800A096B1 /* SBJsonWriter.m */ = {isa = PBXFileReference; fileEncoding = 4; lastKnownFileType = sourcecode.c.objc; path = SBJsonWriter.m; sourceTree = "<group>"; };
		B01A41701301A0AD00A096B1 /* CoreLocation.framework */ = {isa = PBXFileReference; lastKnownFileType = wrapper.framework; name = CoreLocation.framework; path = System/Library/Frameworks/CoreLocation.framework; sourceTree = SDKROOT; };
		B01A41E51301BAB400A096B1 /* PlaceViewController.h */ = {isa = PBXFileReference; fileEncoding = 4; lastKnownFileType = sourcecode.c.h; path = PlaceViewController.h; sourceTree = "<group>"; };
		B01A41E61301BAB400A096B1 /* PlaceViewController.m */ = {isa = PBXFileReference; fileEncoding = 4; lastKnownFileType = sourcecode.c.objc; path = PlaceViewController.m; sourceTree = "<group>"; };
		B01A42181301C1BB00A096B1 /* MapViewController.h */ = {isa = PBXFileReference; fileEncoding = 4; lastKnownFileType = sourcecode.c.h; path = MapViewController.h; sourceTree = "<group>"; };
		B01A42191301C1BB00A096B1 /* MapViewController.m */ = {isa = PBXFileReference; fileEncoding = 4; lastKnownFileType = sourcecode.c.objc; path = MapViewController.m; sourceTree = "<group>"; };
		B01A421D1301C2D900A096B1 /* MapKit.framework */ = {isa = PBXFileReference; lastKnownFileType = wrapper.framework; name = MapKit.framework; path = System/Library/Frameworks/MapKit.framework; sourceTree = SDKROOT; };
		B079F38312FD7FA800EFF272 /* ListsViewController.h */ = {isa = PBXFileReference; fileEncoding = 4; lastKnownFileType = sourcecode.c.h; path = ListsViewController.h; sourceTree = "<group>"; };
		B079F38412FD7FA800EFF272 /* ListsViewController.m */ = {isa = PBXFileReference; fileEncoding = 4; lastKnownFileType = sourcecode.c.objc; path = ListsViewController.m; sourceTree = "<group>"; };
		B079F38612FD7FC000EFF272 /* CouponViewController.h */ = {isa = PBXFileReference; fileEncoding = 4; lastKnownFileType = sourcecode.c.h; path = CouponViewController.h; sourceTree = "<group>"; };
		B079F38712FD7FC000EFF272 /* CouponViewController.m */ = {isa = PBXFileReference; fileEncoding = 4; lastKnownFileType = sourcecode.c.objc; path = CouponViewController.m; sourceTree = "<group>"; };
		B079F38912FD7FD300EFF272 /* PlacesViewController.h */ = {isa = PBXFileReference; fileEncoding = 4; lastKnownFileType = sourcecode.c.h; path = PlacesViewController.h; sourceTree = "<group>"; };
		B079F38A12FD7FD300EFF272 /* PlacesViewController.m */ = {isa = PBXFileReference; fileEncoding = 4; lastKnownFileType = sourcecode.c.objc; path = PlacesViewController.m; sourceTree = "<group>"; };
		B079F3B412FD831200EFF272 /* ShopperTableViewController.h */ = {isa = PBXFileReference; fileEncoding = 4; lastKnownFileType = sourcecode.c.h; path = ShopperTableViewController.h; sourceTree = "<group>"; };
		B079F3B512FD831200EFF272 /* ShopperTableViewController.m */ = {isa = PBXFileReference; fileEncoding = 4; lastKnownFileType = sourcecode.c.objc; path = ShopperTableViewController.m; sourceTree = "<group>"; };
		B079F3B712FD833200EFF272 /* ShopperDelegate.h */ = {isa = PBXFileReference; fileEncoding = 4; lastKnownFileType = sourcecode.c.h; path = ShopperDelegate.h; sourceTree = "<group>"; };
		B079F3CF12FD84C900EFF272 /* List.h */ = {isa = PBXFileReference; fileEncoding = 4; lastKnownFileType = sourcecode.c.h; path = List.h; sourceTree = "<group>"; };
		B079F3D012FD84C900EFF272 /* List.m */ = {isa = PBXFileReference; fileEncoding = 4; lastKnownFileType = sourcecode.c.objc; path = List.m; sourceTree = "<group>"; };
		B079F3D212FD84ED00EFF272 /* CoreData.framework */ = {isa = PBXFileReference; lastKnownFileType = wrapper.framework; name = CoreData.framework; path = System/Library/Frameworks/CoreData.framework; sourceTree = SDKROOT; };
		B079F3D612FD861100EFF272 /* ManagedObject.h */ = {isa = PBXFileReference; fileEncoding = 4; lastKnownFileType = sourcecode.c.h; path = ManagedObject.h; sourceTree = "<group>"; };
		B079F3D712FD861100EFF272 /* ManagedObject.m */ = {isa = PBXFileReference; fileEncoding = 4; lastKnownFileType = sourcecode.c.objc; path = ManagedObject.m; sourceTree = "<group>"; };
		B079F3F712FD86F000EFF272 /* Item.h */ = {isa = PBXFileReference; fileEncoding = 4; lastKnownFileType = sourcecode.c.h; path = Item.h; sourceTree = "<group>"; };
		B079F3F812FD86F000EFF272 /* Item.m */ = {isa = PBXFileReference; fileEncoding = 4; lastKnownFileType = sourcecode.c.objc; path = Item.m; sourceTree = "<group>"; };
		B079F40012FD882A00EFF272 /* Coupon.h */ = {isa = PBXFileReference; fileEncoding = 4; lastKnownFileType = sourcecode.c.h; path = Coupon.h; sourceTree = "<group>"; };
		B079F40112FD882A00EFF272 /* Coupon.m */ = {isa = PBXFileReference; fileEncoding = 4; lastKnownFileType = sourcecode.c.objc; path = Coupon.m; sourceTree = "<group>"; };
		B079F40612FD8A0D00EFF272 /* shopper.xcdatamodel */ = {isa = PBXFileReference; fileEncoding = 4; lastKnownFileType = wrapper.xcdatamodel; path = shopper.xcdatamodel; sourceTree = "<group>"; };
		B0D696CA1302340200EF21D1 /* ItemViewController.h */ = {isa = PBXFileReference; fileEncoding = 4; lastKnownFileType = sourcecode.c.h; path = ItemViewController.h; sourceTree = "<group>"; };
		B0D696CB1302340200EF21D1 /* ItemViewController.m */ = {isa = PBXFileReference; fileEncoding = 4; lastKnownFileType = sourcecode.c.objc; path = ItemViewController.m; sourceTree = "<group>"; };
/* End PBXFileReference section */

/* Begin PBXFrameworksBuildPhase section */
		1D60588F0D05DD3D006BFB54 /* Frameworks */ = {
			isa = PBXFrameworksBuildPhase;
			buildActionMask = 2147483647;
			files = (
				1D60589F0D05DD5A006BFB54 /* Foundation.framework in Frameworks */,
				1DF5F4E00D08C38300B7A737 /* UIKit.framework in Frameworks */,
				288765A50DF7441C002DB57D /* CoreGraphics.framework in Frameworks */,
				B079F3D312FD84ED00EFF272 /* CoreData.framework in Frameworks */,
				B01A40C91301997000A096B1 /* CFNetwork.framework in Frameworks */,
				B01A4106130199C500A096B1 /* libz.1.2.3.dylib in Frameworks */,
				B01A412813019A6800A096B1 /* SystemConfiguration.framework in Frameworks */,
				B01A412C13019ABA00A096B1 /* MobileCoreServices.framework in Frameworks */,
				B01A41711301A0AD00A096B1 /* CoreLocation.framework in Frameworks */,
				B01A421E1301C2D900A096B1 /* MapKit.framework in Frameworks */,
			);
			runOnlyForDeploymentPostprocessing = 0;
		};
/* End PBXFrameworksBuildPhase section */

/* Begin PBXGroup section */
		080E96DDFE201D6D7F000001 /* Classes */ = {
			isa = PBXGroup;
			children = (
				B01A413713019FDE00A096B1 /* JSON */,
				B01A40BD1301991200A096B1 /* Reachability */,
				B01A4095130198B700A096B1 /* ASIHttpRequest */,
				B010605012FE43290065BB09 /* Foursquare */,
				B0105F2512FDFBA70065BB09 /* Utilities */,
				B079F3CE12FD849500EFF272 /* Models */,
				1D3623240D0F684500981E51 /* ShopperAppDelegate.h */,
				1D3623250D0F684500981E51 /* ShopperAppDelegate.m */,
				B079F3B712FD833200EFF272 /* ShopperDelegate.h */,
				B079F38312FD7FA800EFF272 /* ListsViewController.h */,
				B079F38412FD7FA800EFF272 /* ListsViewController.m */,
				B079F38612FD7FC000EFF272 /* CouponViewController.h */,
				B079F38712FD7FC000EFF272 /* CouponViewController.m */,
				B079F38912FD7FD300EFF272 /* PlacesViewController.h */,
				B079F38A12FD7FD300EFF272 /* PlacesViewController.m */,
				B079F3B412FD831200EFF272 /* ShopperTableViewController.h */,
				B079F3B512FD831200EFF272 /* ShopperTableViewController.m */,
				B0105E3012FDACE90065BB09 /* ListViewController.h */,
				B0105E3112FDACE90065BB09 /* ListViewController.m */,
				B0105E4812FDB0470065BB09 /* AddItemViewController.h */,
				B0105E4912FDB0470065BB09 /* AddItemViewController.m */,
				B0105E5D12FDB5C10065BB09 /* AddListViewController.h */,
				B0105E5E12FDB5C10065BB09 /* AddListViewController.m */,
				B01A41E51301BAB400A096B1 /* PlaceViewController.h */,
				B01A41E61301BAB400A096B1 /* PlaceViewController.m */,
				B01A42181301C1BB00A096B1 /* MapViewController.h */,
				B01A42191301C1BB00A096B1 /* MapViewController.m */,
				B0D696CA1302340200EF21D1 /* ItemViewController.h */,
				B0D696CB1302340200EF21D1 /* ItemViewController.m */,
			);
			path = Classes;
			sourceTree = "<group>";
		};
		19C28FACFE9D520D11CA2CBB /* Products */ = {
			isa = PBXGroup;
			children = (
				1D6058910D05DD3D006BFB54 /* Shopper.app */,
			);
			name = Products;
			sourceTree = "<group>";
		};
		29B97314FDCFA39411CA2CEA /* CustomTemplate */ = {
			isa = PBXGroup;
			children = (
				080E96DDFE201D6D7F000001 /* Classes */,
				29B97315FDCFA39411CA2CEA /* Other Sources */,
				29B97317FDCFA39411CA2CEA /* Resources */,
				29B97323FDCFA39411CA2CEA /* Frameworks */,
				19C28FACFE9D520D11CA2CBB /* Products */,
			);
			name = CustomTemplate;
			sourceTree = "<group>";
		};
		29B97315FDCFA39411CA2CEA /* Other Sources */ = {
			isa = PBXGroup;
			children = (
				32CA4F630368D1EE00C91783 /* Shopper_Prefix.pch */,
				29B97316FDCFA39411CA2CEA /* main.m */,
			);
			name = "Other Sources";
			sourceTree = "<group>";
		};
		29B97317FDCFA39411CA2CEA /* Resources */ = {
			isa = PBXGroup;
			children = (
				B0105E9C12FDBC760065BB09 /* Views */,
				B079F40512FD89B700EFF272 /* DataModels */,
				2899E5210DE3E06400AC0155 /* ShopperViewController.xib */,
				28AD733E0D9D9553002E5188 /* MainWindow.xib */,
				8D1107310486CEB800E47090 /* Shopper-Info.plist */,
			);
			name = Resources;
			sourceTree = "<group>";
		};
		29B97323FDCFA39411CA2CEA /* Frameworks */ = {
			isa = PBXGroup;
			children = (
				1DF5F4DF0D08C38300B7A737 /* UIKit.framework */,
				1D30AB110D05D00D00671497 /* Foundation.framework */,
				288765A40DF7441C002DB57D /* CoreGraphics.framework */,
				B079F3D212FD84ED00EFF272 /* CoreData.framework */,
				B01A40C81301997000A096B1 /* CFNetwork.framework */,
				B01A4105130199C500A096B1 /* libz.1.2.3.dylib */,
				B01A412713019A6800A096B1 /* SystemConfiguration.framework */,
				B01A412B13019ABA00A096B1 /* MobileCoreServices.framework */,
				B01A41701301A0AD00A096B1 /* CoreLocation.framework */,
				B01A421D1301C2D900A096B1 /* MapKit.framework */,
			);
			name = Frameworks;
			sourceTree = "<group>";
		};
		B0105E9C12FDBC760065BB09 /* Views */ = {
			isa = PBXGroup;
			children = (
				B0105E9D12FDBCA20065BB09 /* AddListView.xib */,
			);
			path = Views;
			sourceTree = "<group>";
		};
		B0105F2512FDFBA70065BB09 /* Utilities */ = {
			isa = PBXGroup;
			children = (
				B0105F2612FDFBD30065BB09 /* UUID.h */,
				B0105F2712FDFBD30065BB09 /* UUID.m */,
			);
			path = Utilities;
			sourceTree = "<group>";
		};
		B010605012FE43290065BB09 /* Foursquare */ = {
			isa = PBXGroup;
			children = (
				B010605112FE434E0065BB09 /* Foursquare.h */,
				B010605212FE434E0065BB09 /* Foursquare.m */,
			);
			path = Foursquare;
			sourceTree = "<group>";
		};
		B01A4095130198B700A096B1 /* ASIHttpRequest */ = {
			isa = PBXGroup;
			children = (
				B01A409D130198EB00A096B1 /* ASIAuthenticationDialog.h */,
				B01A409E130198EB00A096B1 /* ASIAuthenticationDialog.m */,
				B01A409F130198EB00A096B1 /* ASICacheDelegate.h */,
				B01A40A0130198EB00A096B1 /* ASIDataCompressor.h */,
				B01A40A1130198EB00A096B1 /* ASIDataCompressor.m */,
				B01A40A2130198EB00A096B1 /* ASIDataDecompressor.h */,
				B01A40A3130198EB00A096B1 /* ASIDataDecompressor.m */,
				B01A40A4130198EB00A096B1 /* ASIDownloadCache.h */,
				B01A40A5130198EB00A096B1 /* ASIDownloadCache.m */,
				B01A40A6130198EB00A096B1 /* ASIFormDataRequest.h */,
				B01A40A7130198EB00A096B1 /* ASIFormDataRequest.m */,
				B01A40A8130198EB00A096B1 /* ASIHTTPRequest.h */,
				B01A40A9130198EB00A096B1 /* ASIHTTPRequest.m */,
				B01A40AA130198EB00A096B1 /* ASIHTTPRequestConfig.h */,
				B01A40AB130198EB00A096B1 /* ASIHTTPRequestDelegate.h */,
				B01A40AC130198EB00A096B1 /* ASIInputStream.h */,
				B01A40AD130198EB00A096B1 /* ASIInputStream.m */,
				B01A40AE130198EB00A096B1 /* ASINetworkQueue.h */,
				B01A40AF130198EB00A096B1 /* ASINetworkQueue.m */,
				B01A40B0130198EB00A096B1 /* ASIProgressDelegate.h */,
			);
			path = ASIHttpRequest;
			sourceTree = "<group>";
		};
		B01A40BD1301991200A096B1 /* Reachability */ = {
			isa = PBXGroup;
			children = (
				B01A40C11301993900A096B1 /* Reachability.h */,
				B01A40C21301993900A096B1 /* Reachability.m */,
			);
			path = Reachability;
			sourceTree = "<group>";
		};
		B01A413713019FDE00A096B1 /* JSON */ = {
			isa = PBXGroup;
			children = (
				B01A41541301A00800A096B1 /* JSON.h */,
				B01A41551301A00800A096B1 /* NSObject+SBJSON.h */,
				B01A41561301A00800A096B1 /* NSObject+SBJSON.m */,
				B01A41571301A00800A096B1 /* NSString+SBJSON.h */,
				B01A41581301A00800A096B1 /* NSString+SBJSON.m */,
				B01A41591301A00800A096B1 /* SBJSON.h */,
				B01A415A1301A00800A096B1 /* SBJSON.m */,
				B01A415B1301A00800A096B1 /* SBJsonBase.h */,
				B01A415C1301A00800A096B1 /* SBJsonBase.m */,
				B01A415D1301A00800A096B1 /* SBJsonParser.h */,
				B01A415E1301A00800A096B1 /* SBJsonParser.m */,
				B01A415F1301A00800A096B1 /* SBJsonWriter.h */,
				B01A41601301A00800A096B1 /* SBJsonWriter.m */,
			);
			path = JSON;
			sourceTree = "<group>";
		};
		B079F3CE12FD849500EFF272 /* Models */ = {
			isa = PBXGroup;
			children = (
				B010605412FE45A00065BB09 /* Place.h */,
				B010605512FE45A00065BB09 /* Place.m */,
				B079F3D612FD861100EFF272 /* ManagedObject.h */,
				B079F3D712FD861100EFF272 /* ManagedObject.m */,
				B079F3CF12FD84C900EFF272 /* List.h */,
				B079F3D012FD84C900EFF272 /* List.m */,
				B079F3F712FD86F000EFF272 /* Item.h */,
				B079F3F812FD86F000EFF272 /* Item.m */,
				B079F40012FD882A00EFF272 /* Coupon.h */,
				B079F40112FD882A00EFF272 /* Coupon.m */,
			);
			path = Models;
			sourceTree = "<group>";
		};
		B079F40512FD89B700EFF272 /* DataModels */ = {
			isa = PBXGroup;
			children = (
				B079F40612FD8A0D00EFF272 /* shopper.xcdatamodel */,
			);
			path = DataModels;
			sourceTree = "<group>";
		};
/* End PBXGroup section */

/* Begin PBXNativeTarget section */
		1D6058900D05DD3D006BFB54 /* Shopper */ = {
			isa = PBXNativeTarget;
			buildConfigurationList = 1D6058960D05DD3E006BFB54 /* Build configuration list for PBXNativeTarget "Shopper" */;
			buildPhases = (
				1D60588D0D05DD3D006BFB54 /* Resources */,
				1D60588E0D05DD3D006BFB54 /* Sources */,
				1D60588F0D05DD3D006BFB54 /* Frameworks */,
			);
			buildRules = (
			);
			dependencies = (
			);
			name = Shopper;
			productName = Shopper;
			productReference = 1D6058910D05DD3D006BFB54 /* Shopper.app */;
			productType = "com.apple.product-type.application";
		};
/* End PBXNativeTarget section */

/* Begin PBXProject section */
		29B97313FDCFA39411CA2CEA /* Project object */ = {
			isa = PBXProject;
			buildConfigurationList = C01FCF4E08A954540054247B /* Build configuration list for PBXProject "Shopper" */;
			compatibilityVersion = "Xcode 3.1";
			developmentRegion = English;
			hasScannedForEncodings = 1;
			knownRegions = (
				English,
				Japanese,
				French,
				German,
			);
			mainGroup = 29B97314FDCFA39411CA2CEA /* CustomTemplate */;
			projectDirPath = "";
			projectRoot = "";
			targets = (
				1D6058900D05DD3D006BFB54 /* Shopper */,
			);
		};
/* End PBXProject section */

/* Begin PBXResourcesBuildPhase section */
		1D60588D0D05DD3D006BFB54 /* Resources */ = {
			isa = PBXResourcesBuildPhase;
			buildActionMask = 2147483647;
			files = (
				28AD733F0D9D9553002E5188 /* MainWindow.xib in Resources */,
				2899E5220DE3E06400AC0155 /* ShopperViewController.xib in Resources */,
				B0105E9E12FDBCA20065BB09 /* AddListView.xib in Resources */,
			);
			runOnlyForDeploymentPostprocessing = 0;
		};
/* End PBXResourcesBuildPhase section */

/* Begin PBXSourcesBuildPhase section */
		1D60588E0D05DD3D006BFB54 /* Sources */ = {
			isa = PBXSourcesBuildPhase;
			buildActionMask = 2147483647;
			files = (
				1D60589B0D05DD56006BFB54 /* main.m in Sources */,
				1D3623260D0F684500981E51 /* ShopperAppDelegate.m in Sources */,
				B079F38512FD7FA800EFF272 /* ListsViewController.m in Sources */,
				B079F38812FD7FC000EFF272 /* CouponViewController.m in Sources */,
				B079F38B12FD7FD300EFF272 /* PlacesViewController.m in Sources */,
				B079F3B612FD831200EFF272 /* ShopperTableViewController.m in Sources */,
				B079F3D112FD84C900EFF272 /* List.m in Sources */,
				B079F3D812FD861100EFF272 /* ManagedObject.m in Sources */,
				B079F3F912FD86F000EFF272 /* Item.m in Sources */,
				B079F40212FD882A00EFF272 /* Coupon.m in Sources */,
				B079F40712FD8A0D00EFF272 /* shopper.xcdatamodel in Sources */,
				B0105E3212FDACE90065BB09 /* ListViewController.m in Sources */,
				B0105E4A12FDB0470065BB09 /* AddItemViewController.m in Sources */,
				B0105E5F12FDB5C10065BB09 /* AddListViewController.m in Sources */,
				B0105F2812FDFBD30065BB09 /* UUID.m in Sources */,
				B010605312FE434E0065BB09 /* Foursquare.m in Sources */,
				B010605612FE45A00065BB09 /* Place.m in Sources */,
				B01A40B1130198EB00A096B1 /* ASIAuthenticationDialog.m in Sources */,
				B01A40B2130198EB00A096B1 /* ASIDataCompressor.m in Sources */,
				B01A40B3130198EB00A096B1 /* ASIDataDecompressor.m in Sources */,
				B01A40B4130198EB00A096B1 /* ASIDownloadCache.m in Sources */,
				B01A40B5130198EB00A096B1 /* ASIFormDataRequest.m in Sources */,
				B01A40B6130198EB00A096B1 /* ASIHTTPRequest.m in Sources */,
				B01A40B7130198EB00A096B1 /* ASIInputStream.m in Sources */,
				B01A40B8130198EB00A096B1 /* ASINetworkQueue.m in Sources */,
				B01A40C31301993900A096B1 /* Reachability.m in Sources */,
				B01A41611301A00800A096B1 /* NSObject+SBJSON.m in Sources */,
				B01A41621301A00800A096B1 /* NSString+SBJSON.m in Sources */,
				B01A41631301A00800A096B1 /* SBJSON.m in Sources */,
				B01A41641301A00800A096B1 /* SBJsonBase.m in Sources */,
				B01A41651301A00800A096B1 /* SBJsonParser.m in Sources */,
				B01A41661301A00800A096B1 /* SBJsonWriter.m in Sources */,
				B01A41E71301BAB400A096B1 /* PlaceViewController.m in Sources */,
				B01A421A1301C1BB00A096B1 /* MapViewController.m in Sources */,
				B0D696CC1302340200EF21D1 /* ItemViewController.m in Sources */,
			);
			runOnlyForDeploymentPostprocessing = 0;
		};
/* End PBXSourcesBuildPhase section */

/* Begin XCBuildConfiguration section */
		1D6058940D05DD3E006BFB54 /* Debug */ = {
			isa = XCBuildConfiguration;
			buildSettings = {
				ALWAYS_SEARCH_USER_PATHS = NO;
				COPY_PHASE_STRIP = NO;
				GCC_DYNAMIC_NO_PIC = NO;
				GCC_OPTIMIZATION_LEVEL = 0;
				GCC_PRECOMPILE_PREFIX_HEADER = YES;
				GCC_PREFIX_HEADER = Shopper_Prefix.pch;
				INFOPLIST_FILE = "Shopper-Info.plist";
				PRODUCT_NAME = Shopper;
			};
			name = Debug;
		};
		1D6058950D05DD3E006BFB54 /* Release */ = {
			isa = XCBuildConfiguration;
			buildSettings = {
				ALWAYS_SEARCH_USER_PATHS = NO;
				COPY_PHASE_STRIP = YES;
				GCC_PRECOMPILE_PREFIX_HEADER = YES;
				GCC_PREFIX_HEADER = Shopper_Prefix.pch;
				INFOPLIST_FILE = "Shopper-Info.plist";
				PRODUCT_NAME = Shopper;
				VALIDATE_PRODUCT = YES;
			};
			name = Release;
		};
		C01FCF4F08A954540054247B /* Debug */ = {
			isa = XCBuildConfiguration;
			buildSettings = {
				ARCHS = "$(ARCHS_STANDARD_32_BIT)";
				"CODE_SIGN_IDENTITY[sdk=iphoneos*]" = "iPhone Developer";
				GCC_C_LANGUAGE_STANDARD = c99;
				GCC_WARN_ABOUT_RETURN_TYPE = YES;
				GCC_WARN_UNUSED_VARIABLE = YES;
				PREBINDING = NO;
				SDKROOT = iphoneos;
			};
			name = Debug;
		};
		C01FCF5008A954540054247B /* Release */ = {
			isa = XCBuildConfiguration;
			buildSettings = {
				ARCHS = "$(ARCHS_STANDARD_32_BIT)";
				"CODE_SIGN_IDENTITY[sdk=iphoneos*]" = "iPhone Developer";
				GCC_C_LANGUAGE_STANDARD = c99;
				GCC_WARN_ABOUT_RETURN_TYPE = YES;
				GCC_WARN_UNUSED_VARIABLE = YES;
				OTHER_CFLAGS = "-DNS_BLOCK_ASSERTIONS=1";
				PREBINDING = NO;
				SDKROOT = iphoneos;
			};
			name = Release;
		};
/* End XCBuildConfiguration section */

/* Begin XCConfigurationList section */
		1D6058960D05DD3E006BFB54 /* Build configuration list for PBXNativeTarget "Shopper" */ = {
			isa = XCConfigurationList;
			buildConfigurations = (
				1D6058940D05DD3E006BFB54 /* Debug */,
				1D6058950D05DD3E006BFB54 /* Release */,
			);
			defaultConfigurationIsVisible = 0;
			defaultConfigurationName = Release;
		};
		C01FCF4E08A954540054247B /* Build configuration list for PBXProject "Shopper" */ = {
			isa = XCConfigurationList;
			buildConfigurations = (
				C01FCF4F08A954540054247B /* Debug */,
				C01FCF5008A954540054247B /* Release */,
			);
			defaultConfigurationIsVisible = 0;
			defaultConfigurationName = Release;
		};
/* End XCConfigurationList section */
	};
	rootObject = 29B97313FDCFA39411CA2CEA /* Project object */;
}
